// !$*UTF8*$!
{
	archiveVersion = 1;
	classes = {
	};
	objectVersion = 50;
	objects = {

/* Begin PBXBuildFile section */
		9702F6BA22DDB0B6008808DA /* RecentUpdate.swift in Sources */ = {isa = PBXBuildFile; fileRef = 9702F6B922DDB0B6008808DA /* RecentUpdate.swift */; };
		9702F6BD22DDB102008808DA /* RecentUpdatesCell.swift in Sources */ = {isa = PBXBuildFile; fileRef = 9702F6BC22DDB102008808DA /* RecentUpdatesCell.swift */; };
		9702F6BF22DDBFAB008808DA /* Call.swift in Sources */ = {isa = PBXBuildFile; fileRef = 9702F6BE22DDBFAB008808DA /* Call.swift */; };
		9702F6C122DDC59C008808DA /* CallCell.swift in Sources */ = {isa = PBXBuildFile; fileRef = 9702F6C022DDC59C008808DA /* CallCell.swift */; };
		9702F6C422DDE4C5008808DA /* TransitionHandler.swift in Sources */ = {isa = PBXBuildFile; fileRef = 9702F6C322DDE4C5008808DA /* TransitionHandler.swift */; };
		973B76A022DD934100703DA7 /* AppDelegate.swift in Sources */ = {isa = PBXBuildFile; fileRef = 973B769F22DD934100703DA7 /* AppDelegate.swift */; };
		973B76A222DD934100703DA7 /* MainController.swift in Sources */ = {isa = PBXBuildFile; fileRef = 973B76A122DD934100703DA7 /* MainController.swift */; };
		973B76A522DD934100703DA7 /* Main.storyboard in Resources */ = {isa = PBXBuildFile; fileRef = 973B76A322DD934100703DA7 /* Main.storyboard */; };
		973B76A722DD934300703DA7 /* Assets.xcassets in Resources */ = {isa = PBXBuildFile; fileRef = 973B76A622DD934300703DA7 /* Assets.xcassets */; };
		973B76AA22DD934300703DA7 /* LaunchScreen.storyboard in Resources */ = {isa = PBXBuildFile; fileRef = 973B76A822DD934300703DA7 /* LaunchScreen.storyboard */; };
		973B76B322DD93E300703DA7 /* StatusController.swift in Sources */ = {isa = PBXBuildFile; fileRef = 973B76B222DD93E300703DA7 /* StatusController.swift */; };
		973B76B522DD941400703DA7 /* CallsController.swift in Sources */ = {isa = PBXBuildFile; fileRef = 973B76B422DD941400703DA7 /* CallsController.swift */; };
		973B76B722DD943900703DA7 /* CameraController.swift in Sources */ = {isa = PBXBuildFile; fileRef = 973B76B622DD943900703DA7 /* CameraController.swift */; };
		973B76B922DD945100703DA7 /* ChatsController.swift in Sources */ = {isa = PBXBuildFile; fileRef = 973B76B822DD945100703DA7 /* ChatsController.swift */; };
		973B76BB22DD946200703DA7 /* SettingsController.swift in Sources */ = {isa = PBXBuildFile; fileRef = 973B76BA22DD946200703DA7 /* SettingsController.swift */; };
		973B76BE22DD9E4500703DA7 /* UIColor-Extension.swift in Sources */ = {isa = PBXBuildFile; fileRef = 973B76BD22DD9E4500703DA7 /* UIColor-Extension.swift */; };
		976A639B22DDF5320026A3AF /* UIImage-Extension.swift in Sources */ = {isa = PBXBuildFile; fileRef = 976A639A22DDF5320026A3AF /* UIImage-Extension.swift */; };
		976A639D22DE017F0026A3AF /* Chat.swift in Sources */ = {isa = PBXBuildFile; fileRef = 976A639C22DE017F0026A3AF /* Chat.swift */; };
		976A639F22DE031A0026A3AF /* ChatCell.swift in Sources */ = {isa = PBXBuildFile; fileRef = 976A639E22DE031A0026A3AF /* ChatCell.swift */; };
		979B748322DE1D0A007BEA4B /* SettingCell.swift in Sources */ = {isa = PBXBuildFile; fileRef = 979B748222DE1D0A007BEA4B /* SettingCell.swift */; };
		979B748522DE1D2C007BEA4B /* Setting.swift in Sources */ = {isa = PBXBuildFile; fileRef = 979B748422DE1D2C007BEA4B /* Setting.swift */; };
/* End PBXBuildFile section */

/* Begin PBXFileReference section */
		9702F6B922DDB0B6008808DA /* RecentUpdate.swift */ = {isa = PBXFileReference; lastKnownFileType = sourcecode.swift; path = RecentUpdate.swift; sourceTree = "<group>"; };
		9702F6BC22DDB102008808DA /* RecentUpdatesCell.swift */ = {isa = PBXFileReference; lastKnownFileType = sourcecode.swift; path = RecentUpdatesCell.swift; sourceTree = "<group>"; };
		9702F6BE22DDBFAB008808DA /* Call.swift */ = {isa = PBXFileReference; lastKnownFileType = sourcecode.swift; path = Call.swift; sourceTree = "<group>"; };
		9702F6C022DDC59C008808DA /* CallCell.swift */ = {isa = PBXFileReference; lastKnownFileType = sourcecode.swift; path = CallCell.swift; sourceTree = "<group>"; };
		9702F6C322DDE4C5008808DA /* TransitionHandler.swift */ = {isa = PBXFileReference; lastKnownFileType = sourcecode.swift; path = TransitionHandler.swift; sourceTree = "<group>"; };
		973B769C22DD934100703DA7 /* Whatsapp Clone.app */ = {isa = PBXFileReference; explicitFileType = wrapper.application; includeInIndex = 0; path = "Whatsapp Clone.app"; sourceTree = BUILT_PRODUCTS_DIR; };
		973B769F22DD934100703DA7 /* AppDelegate.swift */ = {isa = PBXFileReference; lastKnownFileType = sourcecode.swift; path = AppDelegate.swift; sourceTree = "<group>"; };
		973B76A122DD934100703DA7 /* MainController.swift */ = {isa = PBXFileReference; lastKnownFileType = sourcecode.swift; path = MainController.swift; sourceTree = "<group>"; };
		973B76A422DD934100703DA7 /* Base */ = {isa = PBXFileReference; lastKnownFileType = file.storyboard; name = Base; path = Base.lproj/Main.storyboard; sourceTree = "<group>"; };
		973B76A622DD934300703DA7 /* Assets.xcassets */ = {isa = PBXFileReference; lastKnownFileType = folder.assetcatalog; path = Assets.xcassets; sourceTree = "<group>"; };
		973B76A922DD934300703DA7 /* Base */ = {isa = PBXFileReference; lastKnownFileType = file.storyboard; name = Base; path = Base.lproj/LaunchScreen.storyboard; sourceTree = "<group>"; };
		973B76AB22DD934300703DA7 /* Info.plist */ = {isa = PBXFileReference; lastKnownFileType = text.plist.xml; path = Info.plist; sourceTree = "<group>"; };
		973B76B222DD93E300703DA7 /* StatusController.swift */ = {isa = PBXFileReference; lastKnownFileType = sourcecode.swift; path = StatusController.swift; sourceTree = "<group>"; };
		973B76B422DD941400703DA7 /* CallsController.swift */ = {isa = PBXFileReference; lastKnownFileType = sourcecode.swift; path = CallsController.swift; sourceTree = "<group>"; };
		973B76B622DD943900703DA7 /* CameraController.swift */ = {isa = PBXFileReference; lastKnownFileType = sourcecode.swift; path = CameraController.swift; sourceTree = "<group>"; };
		973B76B822DD945100703DA7 /* ChatsController.swift */ = {isa = PBXFileReference; lastKnownFileType = sourcecode.swift; path = ChatsController.swift; sourceTree = "<group>"; };
		973B76BA22DD946200703DA7 /* SettingsController.swift */ = {isa = PBXFileReference; lastKnownFileType = sourcecode.swift; path = SettingsController.swift; sourceTree = "<group>"; };
		973B76BD22DD9E4500703DA7 /* UIColor-Extension.swift */ = {isa = PBXFileReference; lastKnownFileType = sourcecode.swift; path = "UIColor-Extension.swift"; sourceTree = "<group>"; };
		976A639A22DDF5320026A3AF /* UIImage-Extension.swift */ = {isa = PBXFileReference; lastKnownFileType = sourcecode.swift; path = "UIImage-Extension.swift"; sourceTree = "<group>"; };
		976A639C22DE017F0026A3AF /* Chat.swift */ = {isa = PBXFileReference; lastKnownFileType = sourcecode.swift; path = Chat.swift; sourceTree = "<group>"; };
		976A639E22DE031A0026A3AF /* ChatCell.swift */ = {isa = PBXFileReference; lastKnownFileType = sourcecode.swift; path = ChatCell.swift; sourceTree = "<group>"; };
		979B748222DE1D0A007BEA4B /* SettingCell.swift */ = {isa = PBXFileReference; lastKnownFileType = sourcecode.swift; path = SettingCell.swift; sourceTree = "<group>"; };
		979B748422DE1D2C007BEA4B /* Setting.swift */ = {isa = PBXFileReference; lastKnownFileType = sourcecode.swift; path = Setting.swift; sourceTree = "<group>"; };
/* End PBXFileReference section */

/* Begin PBXFrameworksBuildPhase section */
		973B769922DD934100703DA7 /* Frameworks */ = {
			isa = PBXFrameworksBuildPhase;
			buildActionMask = 2147483647;
			files = (
			);
			runOnlyForDeploymentPostprocessing = 0;
		};
/* End PBXFrameworksBuildPhase section */

/* Begin PBXGroup section */
		9702F6BB22DDB0F4008808DA /* Cells */ = {
			isa = PBXGroup;
			children = (
				9702F6BC22DDB102008808DA /* RecentUpdatesCell.swift */,
				9702F6C022DDC59C008808DA /* CallCell.swift */,
				976A639E22DE031A0026A3AF /* ChatCell.swift */,
				979B748222DE1D0A007BEA4B /* SettingCell.swift */,
			);
			path = Cells;
			sourceTree = "<group>";
		};
		9702F6C222DDE4B2008808DA /* Utils */ = {
			isa = PBXGroup;
			children = (
				9702F6C322DDE4C5008808DA /* TransitionHandler.swift */,
			);
			path = Utils;
			sourceTree = "<group>";
		};
		973B769322DD934100703DA7 = {
			isa = PBXGroup;
			children = (
				973B769E22DD934100703DA7 /* Whatsapp Clone */,
				973B769D22DD934100703DA7 /* Products */,
			);
			sourceTree = "<group>";
		};
		973B769D22DD934100703DA7 /* Products */ = {
			isa = PBXGroup;
			children = (
				973B769C22DD934100703DA7 /* Whatsapp Clone.app */,
			);
			name = Products;
			sourceTree = "<group>";
		};
		973B769E22DD934100703DA7 /* Whatsapp Clone */ = {
			isa = PBXGroup;
			children = (
				9702F6C222DDE4B2008808DA /* Utils */,
				9702F6BB22DDB0F4008808DA /* Cells */,
				973B76BF22DDB08D00703DA7 /* Models */,
				973B76BC22DD9E2F00703DA7 /* Extensions */,
				973B76B122DD939E00703DA7 /* Controllers */,
				973B769F22DD934100703DA7 /* AppDelegate.swift */,
				973B76A322DD934100703DA7 /* Main.storyboard */,
				973B76A622DD934300703DA7 /* Assets.xcassets */,
				973B76A822DD934300703DA7 /* LaunchScreen.storyboard */,
				973B76AB22DD934300703DA7 /* Info.plist */,
			);
			path = "Whatsapp Clone";
			sourceTree = "<group>";
		};
		973B76B122DD939E00703DA7 /* Controllers */ = {
			isa = PBXGroup;
			children = (
				973B76A122DD934100703DA7 /* MainController.swift */,
				973B76B222DD93E300703DA7 /* StatusController.swift */,
				973B76B422DD941400703DA7 /* CallsController.swift */,
				973B76B622DD943900703DA7 /* CameraController.swift */,
				973B76B822DD945100703DA7 /* ChatsController.swift */,
				973B76BA22DD946200703DA7 /* SettingsController.swift */,
			);
			path = Controllers;
			sourceTree = "<group>";
		};
		973B76BC22DD9E2F00703DA7 /* Extensions */ = {
			isa = PBXGroup;
			children = (
				973B76BD22DD9E4500703DA7 /* UIColor-Extension.swift */,
				976A639A22DDF5320026A3AF /* UIImage-Extension.swift */,
			);
			path = Extensions;
			sourceTree = "<group>";
		};
		973B76BF22DDB08D00703DA7 /* Models */ = {
			isa = PBXGroup;
			children = (
				9702F6B922DDB0B6008808DA /* RecentUpdate.swift */,
				9702F6BE22DDBFAB008808DA /* Call.swift */,
				976A639C22DE017F0026A3AF /* Chat.swift */,
				979B748422DE1D2C007BEA4B /* Setting.swift */,
			);
			path = Models;
			sourceTree = "<group>";
		};
/* End PBXGroup section */

/* Begin PBXNativeTarget section */
		973B769B22DD934100703DA7 /* Whatsapp Clone */ = {
			isa = PBXNativeTarget;
			buildConfigurationList = 973B76AE22DD934300703DA7 /* Build configuration list for PBXNativeTarget "Whatsapp Clone" */;
			buildPhases = (
				973B769822DD934100703DA7 /* Sources */,
				973B769922DD934100703DA7 /* Frameworks */,
				973B769A22DD934100703DA7 /* Resources */,
			);
			buildRules = (
			);
			dependencies = (
			);
			name = "Whatsapp Clone";
			productName = "Whatsapp Clone";
			productReference = 973B769C22DD934100703DA7 /* Whatsapp Clone.app */;
			productType = "com.apple.product-type.application";
		};
/* End PBXNativeTarget section */

/* Begin PBXProject section */
		973B769422DD934100703DA7 /* Project object */ = {
			isa = PBXProject;
			attributes = {
				LastSwiftUpdateCheck = 1020;
				LastUpgradeCheck = 1020;
				ORGANIZATIONNAME = "Suprianto Djamalu";
				TargetAttributes = {
					973B769B22DD934100703DA7 = {
						CreatedOnToolsVersion = 10.2.1;
					};
				};
			};
			buildConfigurationList = 973B769722DD934100703DA7 /* Build configuration list for PBXProject "Whatsapp Clone" */;
			compatibilityVersion = "Xcode 9.3";
			developmentRegion = en;
			hasScannedForEncodings = 0;
			knownRegions = (
				en,
				Base,
			);
			mainGroup = 973B769322DD934100703DA7;
			productRefGroup = 973B769D22DD934100703DA7 /* Products */;
			projectDirPath = "";
			projectRoot = "";
			targets = (
				973B769B22DD934100703DA7 /* Whatsapp Clone */,
			);
		};
/* End PBXProject section */

/* Begin PBXResourcesBuildPhase section */
		973B769A22DD934100703DA7 /* Resources */ = {
			isa = PBXResourcesBuildPhase;
			buildActionMask = 2147483647;
			files = (
				973B76AA22DD934300703DA7 /* LaunchScreen.storyboard in Resources */,
				973B76A722DD934300703DA7 /* Assets.xcassets in Resources */,
				973B76A522DD934100703DA7 /* Main.storyboard in Resources */,
			);
			runOnlyForDeploymentPostprocessing = 0;
		};
/* End PBXResourcesBuildPhase section */

/* Begin PBXSourcesBuildPhase section */
		973B769822DD934100703DA7 /* Sources */ = {
			isa = PBXSourcesBuildPhase;
			buildActionMask = 2147483647;
			files = (
				979B748322DE1D0A007BEA4B /* SettingCell.swift in Sources */,
				973B76A222DD934100703DA7 /* MainController.swift in Sources */,
				9702F6C122DDC59C008808DA /* CallCell.swift in Sources */,
				973B76BE22DD9E4500703DA7 /* UIColor-Extension.swift in Sources */,
				973B76B322DD93E300703DA7 /* StatusController.swift in Sources */,
				973B76A022DD934100703DA7 /* AppDelegate.swift in Sources */,
				9702F6BF22DDBFAB008808DA /* Call.swift in Sources */,
				973B76BB22DD946200703DA7 /* SettingsController.swift in Sources */,
				979B748522DE1D2C007BEA4B /* Setting.swift in Sources */,
				973B76B522DD941400703DA7 /* CallsController.swift in Sources */,
				973B76B722DD943900703DA7 /* CameraController.swift in Sources */,
				976A639F22DE031A0026A3AF /* ChatCell.swift in Sources */,
				9702F6C422DDE4C5008808DA /* TransitionHandler.swift in Sources */,
				973B76B922DD945100703DA7 /* ChatsController.swift in Sources */,
				9702F6BA22DDB0B6008808DA /* RecentUpdate.swift in Sources */,
				9702F6BD22DDB102008808DA /* RecentUpdatesCell.swift in Sources */,
				976A639D22DE017F0026A3AF /* Chat.swift in Sources */,
				976A639B22DDF5320026A3AF /* UIImage-Extension.swift in Sources */,
			);
			runOnlyForDeploymentPostprocessing = 0;
		};
/* End PBXSourcesBuildPhase section */

/* Begin PBXVariantGroup section */
		973B76A322DD934100703DA7 /* Main.storyboard */ = {
			isa = PBXVariantGroup;
			children = (
				973B76A422DD934100703DA7 /* Base */,
			);
			name = Main.storyboard;
			sourceTree = "<group>";
		};
		973B76A822DD934300703DA7 /* LaunchScreen.storyboard */ = {
			isa = PBXVariantGroup;
			children = (
				973B76A922DD934300703DA7 /* Base */,
			);
			name = LaunchScreen.storyboard;
			sourceTree = "<group>";
		};
/* End PBXVariantGroup section */

/* Begin XCBuildConfiguration section */
		973B76AC22DD934300703DA7 /* Debug */ = {
			isa = XCBuildConfiguration;
			buildSettings = {
				ALWAYS_SEARCH_USER_PATHS = NO;
				CLANG_ANALYZER_NONNULL = YES;
				CLANG_ANALYZER_NUMBER_OBJECT_CONVERSION = YES_AGGRESSIVE;
				CLANG_CXX_LANGUAGE_STANDARD = "gnu++14";
				CLANG_CXX_LIBRARY = "libc++";
				CLANG_ENABLE_MODULES = YES;
				CLANG_ENABLE_OBJC_ARC = YES;
				CLANG_ENABLE_OBJC_WEAK = YES;
				CLANG_WARN_BLOCK_CAPTURE_AUTORELEASING = YES;
				CLANG_WARN_BOOL_CONVERSION = YES;
				CLANG_WARN_COMMA = YES;
				CLANG_WARN_CONSTANT_CONVERSION = YES;
				CLANG_WARN_DEPRECATED_OBJC_IMPLEMENTATIONS = YES;
				CLANG_WARN_DIRECT_OBJC_ISA_USAGE = YES_ERROR;
				CLANG_WARN_DOCUMENTATION_COMMENTS = YES;
				CLANG_WARN_EMPTY_BODY = YES;
				CLANG_WARN_ENUM_CONVERSION = YES;
				CLANG_WARN_INFINITE_RECURSION = YES;
				CLANG_WARN_INT_CONVERSION = YES;
				CLANG_WARN_NON_LITERAL_NULL_CONVERSION = YES;
				CLANG_WARN_OBJC_IMPLICIT_RETAIN_SELF = YES;
				CLANG_WARN_OBJC_LITERAL_CONVERSION = YES;
				CLANG_WARN_OBJC_ROOT_CLASS = YES_ERROR;
				CLANG_WARN_RANGE_LOOP_ANALYSIS = YES;
				CLANG_WARN_STRICT_PROTOTYPES = YES;
				CLANG_WARN_SUSPICIOUS_MOVE = YES;
				CLANG_WARN_UNGUARDED_AVAILABILITY = YES_AGGRESSIVE;
				CLANG_WARN_UNREACHABLE_CODE = YES;
				CLANG_WARN__DUPLICATE_METHOD_MATCH = YES;
				CODE_SIGN_IDENTITY = "iPhone Developer";
				COPY_PHASE_STRIP = NO;
				DEBUG_INFORMATION_FORMAT = dwarf;
				ENABLE_STRICT_OBJC_MSGSEND = YES;
				ENABLE_TESTABILITY = YES;
				GCC_C_LANGUAGE_STANDARD = gnu11;
				GCC_DYNAMIC_NO_PIC = NO;
				GCC_NO_COMMON_BLOCKS = YES;
				GCC_OPTIMIZATION_LEVEL = 0;
				GCC_PREPROCESSOR_DEFINITIONS = (
					"DEBUG=1",
					"$(inherited)",
				);
				GCC_WARN_64_TO_32_BIT_CONVERSION = YES;
				GCC_WARN_ABOUT_RETURN_TYPE = YES_ERROR;
				GCC_WARN_UNDECLARED_SELECTOR = YES;
				GCC_WARN_UNINITIALIZED_AUTOS = YES_AGGRESSIVE;
				GCC_WARN_UNUSED_FUNCTION = YES;
				GCC_WARN_UNUSED_VARIABLE = YES;
				IPHONEOS_DEPLOYMENT_TARGET = 12.2;
				MTL_ENABLE_DEBUG_INFO = INCLUDE_SOURCE;
				MTL_FAST_MATH = YES;
				ONLY_ACTIVE_ARCH = YES;
				SDKROOT = iphoneos;
				SWIFT_ACTIVE_COMPILATION_CONDITIONS = DEBUG;
				SWIFT_OPTIMIZATION_LEVEL = "-Onone";
			};
			name = Debug;
		};
		973B76AD22DD934300703DA7 /* Release */ = {
			isa = XCBuildConfiguration;
			buildSettings = {
				ALWAYS_SEARCH_USER_PATHS = NO;
				CLANG_ANALYZER_NONNULL = YES;
				CLANG_ANALYZER_NUMBER_OBJECT_CONVERSION = YES_AGGRESSIVE;
				CLANG_CXX_LANGUAGE_STANDARD = "gnu++14";
				CLANG_CXX_LIBRARY = "libc++";
				CLANG_ENABLE_MODULES = YES;
				CLANG_ENABLE_OBJC_ARC = YES;
				CLANG_ENABLE_OBJC_WEAK = YES;
				CLANG_WARN_BLOCK_CAPTURE_AUTORELEASING = YES;
				CLANG_WARN_BOOL_CONVERSION = YES;
				CLANG_WARN_COMMA = YES;
				CLANG_WARN_CONSTANT_CONVERSION = YES;
				CLANG_WARN_DEPRECATED_OBJC_IMPLEMENTATIONS = YES;
				CLANG_WARN_DIRECT_OBJC_ISA_USAGE = YES_ERROR;
				CLANG_WARN_DOCUMENTATION_COMMENTS = YES;
				CLANG_WARN_EMPTY_BODY = YES;
				CLANG_WARN_ENUM_CONVERSION = YES;
				CLANG_WARN_INFINITE_RECURSION = YES;
				CLANG_WARN_INT_CONVERSION = YES;
				CLANG_WARN_NON_LITERAL_NULL_CONVERSION = YES;
				CLANG_WARN_OBJC_IMPLICIT_RETAIN_SELF = YES;
				CLANG_WARN_OBJC_LITERAL_CONVERSION = YES;
				CLANG_WARN_OBJC_ROOT_CLASS = YES_ERROR;
				CLANG_WARN_RANGE_LOOP_ANALYSIS = YES;
				CLANG_WARN_STRICT_PROTOTYPES = YES;
				CLANG_WARN_SUSPICIOUS_MOVE = YES;
				CLANG_WARN_UNGUARDED_AVAILABILITY = YES_AGGRESSIVE;
				CLANG_WARN_UNREACHABLE_CODE = YES;
				CLANG_WARN__DUPLICATE_METHOD_MATCH = YES;
				CODE_SIGN_IDENTITY = "iPhone Developer";
				COPY_PHASE_STRIP = NO;
				DEBUG_INFORMATION_FORMAT = "dwarf-with-dsym";
				ENABLE_NS_ASSERTIONS = NO;
				ENABLE_STRICT_OBJC_MSGSEND = YES;
				GCC_C_LANGUAGE_STANDARD = gnu11;
				GCC_NO_COMMON_BLOCKS = YES;
				GCC_WARN_64_TO_32_BIT_CONVERSION = YES;
				GCC_WARN_ABOUT_RETURN_TYPE = YES_ERROR;
				GCC_WARN_UNDECLARED_SELECTOR = YES;
				GCC_WARN_UNINITIALIZED_AUTOS = YES_AGGRESSIVE;
				GCC_WARN_UNUSED_FUNCTION = YES;
				GCC_WARN_UNUSED_VARIABLE = YES;
				IPHONEOS_DEPLOYMENT_TARGET = 12.2;
				MTL_ENABLE_DEBUG_INFO = NO;
				MTL_FAST_MATH = YES;
				SDKROOT = iphoneos;
				SWIFT_COMPILATION_MODE = wholemodule;
				SWIFT_OPTIMIZATION_LEVEL = "-O";
				VALIDATE_PRODUCT = YES;
			};
			name = Release;
		};
		973B76AF22DD934300703DA7 /* Debug */ = {
			isa = XCBuildConfiguration;
			buildSettings = {
				ASSETCATALOG_COMPILER_APPICON_NAME = AppIcon;
				CODE_SIGN_STYLE = Automatic;
				DEVELOPMENT_TEAM = 83JMC98N76;
				INFOPLIST_FILE = "Whatsapp Clone/Info.plist";
				LD_RUNPATH_SEARCH_PATHS = (
					"$(inherited)",
					"@executable_path/Frameworks",
				);
				PRODUCT_BUNDLE_IDENTIFIER = "pro.erthru.Whatsapp-Clone";
				PRODUCT_NAME = "$(TARGET_NAME)";
				SWIFT_VERSION = 5.0;
				TARGETED_DEVICE_FAMILY = "1,2";
			};
			name = Debug;
		};
		973B76B022DD934300703DA7 /* Release */ = {
			isa = XCBuildConfiguration;
			buildSettings = {
				ASSETCATALOG_COMPILER_APPICON_NAME = AppIcon;
				CODE_SIGN_STYLE = Automatic;
				DEVELOPMENT_TEAM = 83JMC98N76;
				INFOPLIST_FILE = "Whatsapp Clone/Info.plist";
				LD_RUNPATH_SEARCH_PATHS = (
					"$(inherited)",
					"@executable_path/Frameworks",
				);
				PRODUCT_BUNDLE_IDENTIFIER = "pro.erthru.Whatsapp-Clone";
				PRODUCT_NAME = "$(TARGET_NAME)";
				SWIFT_VERSION = 5.0;
				TARGETED_DEVICE_FAMILY = "1,2";
			};
			name = Release;
		};
/* End XCBuildConfiguration section */

/* Begin XCConfigurationList section */
		973B769722DD934100703DA7 /* Build configuration list for PBXProject "Whatsapp Clone" */ = {
			isa = XCConfigurationList;
			buildConfigurations = (
				973B76AC22DD934300703DA7 /* Debug */,
				973B76AD22DD934300703DA7 /* Release */,
			);
			defaultConfigurationIsVisible = 0;
			defaultConfigurationName = Release;
		};
		973B76AE22DD934300703DA7 /* Build configuration list for PBXNativeTarget "Whatsapp Clone" */ = {
			isa = XCConfigurationList;
			buildConfigurations = (
				973B76AF22DD934300703DA7 /* Debug */,
				973B76B022DD934300703DA7 /* Release */,
			);
			defaultConfigurationIsVisible = 0;
			defaultConfigurationName = Release;
		};
/* End XCConfigurationList section */
	};
	rootObject = 973B769422DD934100703DA7 /* Project object */;
}
